// !$*UTF8*$!
{
	archiveVersion = 1;
	classes = {
	};
	objectVersion = 56;
	objects = {

/* Begin PBXBuildFile section */
		9957F2F229B285FA003BE49F /* Lift_n_LogApp.swift in Sources */ = {isa = PBXBuildFile; fileRef = 9957F2F129B285FA003BE49F /* Lift_n_LogApp.swift */; };
		9957F2F429B285FA003BE49F /* ContentView.swift in Sources */ = {isa = PBXBuildFile; fileRef = 9957F2F329B285FA003BE49F /* ContentView.swift */; };
		9957F2F629B285FB003BE49F /* Assets.xcassets in Resources */ = {isa = PBXBuildFile; fileRef = 9957F2F529B285FB003BE49F /* Assets.xcassets */; };
		9957F2F929B285FB003BE49F /* Preview Assets.xcassets in Resources */ = {isa = PBXBuildFile; fileRef = 9957F2F829B285FB003BE49F /* Preview Assets.xcassets */; };
		9957F2FB29B285FB003BE49F /* Persistence.swift in Sources */ = {isa = PBXBuildFile; fileRef = 9957F2FA29B285FB003BE49F /* Persistence.swift */; };
		9957F2FE29B285FB003BE49F /* Lift_n_Log.xcdatamodeld in Sources */ = {isa = PBXBuildFile; fileRef = 9957F2FC29B285FB003BE49F /* Lift_n_Log.xcdatamodeld */; };
		9957F30829B285FB003BE49F /* Lift_n_LogTests.swift in Sources */ = {isa = PBXBuildFile; fileRef = 9957F30729B285FB003BE49F /* Lift_n_LogTests.swift */; };
		9957F31229B285FB003BE49F /* Lift_n_LogUITests.swift in Sources */ = {isa = PBXBuildFile; fileRef = 9957F31129B285FB003BE49F /* Lift_n_LogUITests.swift */; };
		9957F31429B285FB003BE49F /* Lift_n_LogUITestsLaunchTests.swift in Sources */ = {isa = PBXBuildFile; fileRef = 9957F31329B285FB003BE49F /* Lift_n_LogUITestsLaunchTests.swift */; };
		9957F32729B28E9C003BE49F /* WorkoutList.swift in Sources */ = {isa = PBXBuildFile; fileRef = 9957F32629B28E9C003BE49F /* WorkoutList.swift */; };
		99BB0A9929B2914C0048F1D7 /* ModelData.swift in Sources */ = {isa = PBXBuildFile; fileRef = 99BB0A9829B2914C0048F1D7 /* ModelData.swift */; };
		99BB0A9C29B292A60048F1D7 /* workouts.json in Resources */ = {isa = PBXBuildFile; fileRef = 99BB0A9B29B292A60048F1D7 /* workouts.json */; };
		99BB0AA029B2930C0048F1D7 /* ExerciseItem.swift in Sources */ = {isa = PBXBuildFile; fileRef = 99BB0A9F29B2930C0048F1D7 /* ExerciseItem.swift */; };
		99BB0AA229B293BD0048F1D7 /* ExcerciseList.swift in Sources */ = {isa = PBXBuildFile; fileRef = 99BB0AA129B293BD0048F1D7 /* ExcerciseList.swift */; };
		99BB0AA629B293DA0048F1D7 /* WorkoutItem.swift in Sources */ = {isa = PBXBuildFile; fileRef = 99BB0AA529B293DA0048F1D7 /* WorkoutItem.swift */; };
/* End PBXBuildFile section */

/* Begin PBXContainerItemProxy section */
		9957F30429B285FB003BE49F /* PBXContainerItemProxy */ = {
			isa = PBXContainerItemProxy;
			containerPortal = 9957F2E629B285FA003BE49F /* Project object */;
			proxyType = 1;
			remoteGlobalIDString = 9957F2ED29B285FA003BE49F;
			remoteInfo = Lift_n_Log;
		};
		9957F30E29B285FB003BE49F /* PBXContainerItemProxy */ = {
			isa = PBXContainerItemProxy;
			containerPortal = 9957F2E629B285FA003BE49F /* Project object */;
			proxyType = 1;
			remoteGlobalIDString = 9957F2ED29B285FA003BE49F;
			remoteInfo = Lift_n_Log;
		};
/* End PBXContainerItemProxy section */

/* Begin PBXFileReference section */
		9957F2EE29B285FA003BE49F /* Lift_n_Log.app */ = {isa = PBXFileReference; explicitFileType = wrapper.application; includeInIndex = 0; path = Lift_n_Log.app; sourceTree = BUILT_PRODUCTS_DIR; };
		9957F2F129B285FA003BE49F /* Lift_n_LogApp.swift */ = {isa = PBXFileReference; lastKnownFileType = sourcecode.swift; path = Lift_n_LogApp.swift; sourceTree = "<group>"; };
		9957F2F329B285FA003BE49F /* ContentView.swift */ = {isa = PBXFileReference; lastKnownFileType = sourcecode.swift; path = ContentView.swift; sourceTree = "<group>"; };
		9957F2F529B285FB003BE49F /* Assets.xcassets */ = {isa = PBXFileReference; lastKnownFileType = folder.assetcatalog; path = Assets.xcassets; sourceTree = "<group>"; };
		9957F2F829B285FB003BE49F /* Preview Assets.xcassets */ = {isa = PBXFileReference; lastKnownFileType = folder.assetcatalog; path = "Preview Assets.xcassets"; sourceTree = "<group>"; };
		9957F2FA29B285FB003BE49F /* Persistence.swift */ = {isa = PBXFileReference; lastKnownFileType = sourcecode.swift; path = Persistence.swift; sourceTree = "<group>"; };
		9957F2FD29B285FB003BE49F /* Lift_n_Log.xcdatamodel */ = {isa = PBXFileReference; lastKnownFileType = wrapper.xcdatamodel; path = Lift_n_Log.xcdatamodel; sourceTree = "<group>"; };
		9957F30329B285FB003BE49F /* Lift_n_LogTests.xctest */ = {isa = PBXFileReference; explicitFileType = wrapper.cfbundle; includeInIndex = 0; path = Lift_n_LogTests.xctest; sourceTree = BUILT_PRODUCTS_DIR; };
		9957F30729B285FB003BE49F /* Lift_n_LogTests.swift */ = {isa = PBXFileReference; lastKnownFileType = sourcecode.swift; path = Lift_n_LogTests.swift; sourceTree = "<group>"; };
		9957F30D29B285FB003BE49F /* Lift_n_LogUITests.xctest */ = {isa = PBXFileReference; explicitFileType = wrapper.cfbundle; includeInIndex = 0; path = Lift_n_LogUITests.xctest; sourceTree = BUILT_PRODUCTS_DIR; };
		9957F31129B285FB003BE49F /* Lift_n_LogUITests.swift */ = {isa = PBXFileReference; lastKnownFileType = sourcecode.swift; path = Lift_n_LogUITests.swift; sourceTree = "<group>"; };
		9957F31329B285FB003BE49F /* Lift_n_LogUITestsLaunchTests.swift */ = {isa = PBXFileReference; lastKnownFileType = sourcecode.swift; path = Lift_n_LogUITestsLaunchTests.swift; sourceTree = "<group>"; };
		9957F32629B28E9C003BE49F /* WorkoutList.swift */ = {isa = PBXFileReference; lastKnownFileType = sourcecode.swift; path = WorkoutList.swift; sourceTree = "<group>"; };
		99BB0A9829B2914C0048F1D7 /* ModelData.swift */ = {isa = PBXFileReference; lastKnownFileType = sourcecode.swift; path = ModelData.swift; sourceTree = "<group>"; };
		99BB0A9B29B292A60048F1D7 /* workouts.json */ = {isa = PBXFileReference; lastKnownFileType = text.json; path = workouts.json; sourceTree = "<group>"; };
		99BB0A9F29B2930C0048F1D7 /* ExerciseItem.swift */ = {isa = PBXFileReference; lastKnownFileType = sourcecode.swift; path = ExerciseItem.swift; sourceTree = "<group>"; };
		99BB0AA129B293BD0048F1D7 /* ExcerciseList.swift */ = {isa = PBXFileReference; lastKnownFileType = sourcecode.swift; path = ExcerciseList.swift; sourceTree = "<group>"; };
		99BB0AA529B293DA0048F1D7 /* WorkoutItem.swift */ = {isa = PBXFileReference; lastKnownFileType = sourcecode.swift; path = WorkoutItem.swift; sourceTree = "<group>"; };
/* End PBXFileReference section */

/* Begin PBXFrameworksBuildPhase section */
		9957F2EB29B285FA003BE49F /* Frameworks */ = {
			isa = PBXFrameworksBuildPhase;
			buildActionMask = 2147483647;
			files = (
			);
			runOnlyForDeploymentPostprocessing = 0;
		};
		9957F30029B285FB003BE49F /* Frameworks */ = {
			isa = PBXFrameworksBuildPhase;
			buildActionMask = 2147483647;
			files = (
			);
			runOnlyForDeploymentPostprocessing = 0;
		};
		9957F30A29B285FB003BE49F /* Frameworks */ = {
			isa = PBXFrameworksBuildPhase;
			buildActionMask = 2147483647;
			files = (
			);
			runOnlyForDeploymentPostprocessing = 0;
		};
/* End PBXFrameworksBuildPhase section */

/* Begin PBXGroup section */
		9957F2E529B285FA003BE49F = {
			isa = PBXGroup;
			children = (
				9957F2F029B285FA003BE49F /* Lift_n_Log */,
				9957F30629B285FB003BE49F /* Lift_n_LogTests */,
				9957F31029B285FB003BE49F /* Lift_n_LogUITests */,
				9957F2EF29B285FA003BE49F /* Products */,
			);
			sourceTree = "<group>";
		};
		9957F2EF29B285FA003BE49F /* Products */ = {
			isa = PBXGroup;
			children = (
				9957F2EE29B285FA003BE49F /* Lift_n_Log.app */,
				9957F30329B285FB003BE49F /* Lift_n_LogTests.xctest */,
				9957F30D29B285FB003BE49F /* Lift_n_LogUITests.xctest */,
			);
			name = Products;
			sourceTree = "<group>";
		};
		9957F2F029B285FA003BE49F /* Lift_n_Log */ = {
			isa = PBXGroup;
			children = (
				9957F32329B28E77003BE49F /* Views */,
				99BB0A9729B291340048F1D7 /* Model */,
				99BB0A9A29B292630048F1D7 /* Resources */,
				9957F2F129B285FA003BE49F /* Lift_n_LogApp.swift */,
				9957F2F329B285FA003BE49F /* ContentView.swift */,
				9957F2F529B285FB003BE49F /* Assets.xcassets */,
				9957F2FA29B285FB003BE49F /* Persistence.swift */,
				9957F2FC29B285FB003BE49F /* Lift_n_Log.xcdatamodeld */,
				9957F2F729B285FB003BE49F /* Preview Content */,
			);
			path = Lift_n_Log;
			sourceTree = "<group>";
		};
		9957F2F729B285FB003BE49F /* Preview Content */ = {
			isa = PBXGroup;
			children = (
				9957F2F829B285FB003BE49F /* Preview Assets.xcassets */,
			);
			path = "Preview Content";
			sourceTree = "<group>";
		};
		9957F30629B285FB003BE49F /* Lift_n_LogTests */ = {
			isa = PBXGroup;
			children = (
				9957F30729B285FB003BE49F /* Lift_n_LogTests.swift */,
			);
			path = Lift_n_LogTests;
			sourceTree = "<group>";
		};
		9957F31029B285FB003BE49F /* Lift_n_LogUITests */ = {
			isa = PBXGroup;
			children = (
				9957F31129B285FB003BE49F /* Lift_n_LogUITests.swift */,
				9957F31329B285FB003BE49F /* Lift_n_LogUITestsLaunchTests.swift */,
			);
			path = Lift_n_LogUITests;
			sourceTree = "<group>";
		};
		9957F32329B28E77003BE49F /* Views */ = {
			isa = PBXGroup;
			children = (
				99BB0AA429B293C70048F1D7 /* Excercises */,
				99BB0AA329B293C00048F1D7 /* Workouts */,
			);
			path = Views;
			sourceTree = "<group>";
		};
		99BB0A9729B291340048F1D7 /* Model */ = {
			isa = PBXGroup;
			children = (
				99BB0A9829B2914C0048F1D7 /* ModelData.swift */,
			);
			path = Model;
			sourceTree = "<group>";
		};
		99BB0A9A29B292630048F1D7 /* Resources */ = {
			isa = PBXGroup;
			children = (
				99BB0A9B29B292A60048F1D7 /* workouts.json */,
			);
			path = Resources;
			sourceTree = "<group>";
		};
		99BB0AA329B293C00048F1D7 /* Workouts */ = {
			isa = PBXGroup;
			children = (
				9957F32629B28E9C003BE49F /* WorkoutList.swift */,
				99BB0AA529B293DA0048F1D7 /* WorkoutItem.swift */,
			);
			path = Workouts;
			sourceTree = "<group>";
		};
		99BB0AA429B293C70048F1D7 /* Excercises */ = {
			isa = PBXGroup;
			children = (
				99BB0A9F29B2930C0048F1D7 /* ExerciseItem.swift */,
				99BB0AA129B293BD0048F1D7 /* ExcerciseList.swift */,
			);
			path = Excercises;
			sourceTree = "<group>";
		};
/* End PBXGroup section */

/* Begin PBXNativeTarget section */
		9957F2ED29B285FA003BE49F /* Lift_n_Log */ = {
			isa = PBXNativeTarget;
			buildConfigurationList = 9957F31729B285FB003BE49F /* Build configuration list for PBXNativeTarget "Lift_n_Log" */;
			buildPhases = (
				9957F2EA29B285FA003BE49F /* Sources */,
				9957F2EB29B285FA003BE49F /* Frameworks */,
				9957F2EC29B285FA003BE49F /* Resources */,
			);
			buildRules = (
			);
			dependencies = (
			);
			name = Lift_n_Log;
			productName = Lift_n_Log;
			productReference = 9957F2EE29B285FA003BE49F /* Lift_n_Log.app */;
			productType = "com.apple.product-type.application";
		};
		9957F30229B285FB003BE49F /* Lift_n_LogTests */ = {
			isa = PBXNativeTarget;
			buildConfigurationList = 9957F31A29B285FB003BE49F /* Build configuration list for PBXNativeTarget "Lift_n_LogTests" */;
			buildPhases = (
				9957F2FF29B285FB003BE49F /* Sources */,
				9957F30029B285FB003BE49F /* Frameworks */,
				9957F30129B285FB003BE49F /* Resources */,
			);
			buildRules = (
			);
			dependencies = (
				9957F30529B285FB003BE49F /* PBXTargetDependency */,
			);
			name = Lift_n_LogTests;
			productName = Lift_n_LogTests;
			productReference = 9957F30329B285FB003BE49F /* Lift_n_LogTests.xctest */;
			productType = "com.apple.product-type.bundle.unit-test";
		};
		9957F30C29B285FB003BE49F /* Lift_n_LogUITests */ = {
			isa = PBXNativeTarget;
			buildConfigurationList = 9957F31D29B285FB003BE49F /* Build configuration list for PBXNativeTarget "Lift_n_LogUITests" */;
			buildPhases = (
				9957F30929B285FB003BE49F /* Sources */,
				9957F30A29B285FB003BE49F /* Frameworks */,
				9957F30B29B285FB003BE49F /* Resources */,
			);
			buildRules = (
			);
			dependencies = (
				9957F30F29B285FB003BE49F /* PBXTargetDependency */,
			);
			name = Lift_n_LogUITests;
			productName = Lift_n_LogUITests;
			productReference = 9957F30D29B285FB003BE49F /* Lift_n_LogUITests.xctest */;
			productType = "com.apple.product-type.bundle.ui-testing";
		};
/* End PBXNativeTarget section */

/* Begin PBXProject section */
		9957F2E629B285FA003BE49F /* Project object */ = {
			isa = PBXProject;
			attributes = {
				BuildIndependentTargetsInParallel = 1;
				LastSwiftUpdateCheck = 1420;
				LastUpgradeCheck = 1420;
				TargetAttributes = {
					9957F2ED29B285FA003BE49F = {
						CreatedOnToolsVersion = 14.2;
					};
					9957F30229B285FB003BE49F = {
						CreatedOnToolsVersion = 14.2;
						TestTargetID = 9957F2ED29B285FA003BE49F;
					};
					9957F30C29B285FB003BE49F = {
						CreatedOnToolsVersion = 14.2;
						TestTargetID = 9957F2ED29B285FA003BE49F;
					};
				};
			};
			buildConfigurationList = 9957F2E929B285FA003BE49F /* Build configuration list for PBXProject "Lift_n_Log" */;
			compatibilityVersion = "Xcode 14.0";
			developmentRegion = en;
			hasScannedForEncodings = 0;
			knownRegions = (
				en,
				Base,
			);
			mainGroup = 9957F2E529B285FA003BE49F;
			productRefGroup = 9957F2EF29B285FA003BE49F /* Products */;
			projectDirPath = "";
			projectRoot = "";
			targets = (
				9957F2ED29B285FA003BE49F /* Lift_n_Log */,
				9957F30229B285FB003BE49F /* Lift_n_LogTests */,
				9957F30C29B285FB003BE49F /* Lift_n_LogUITests */,
			);
		};
/* End PBXProject section */

/* Begin PBXResourcesBuildPhase section */
		9957F2EC29B285FA003BE49F /* Resources */ = {
			isa = PBXResourcesBuildPhase;
			buildActionMask = 2147483647;
			files = (
				99BB0A9C29B292A60048F1D7 /* workouts.json in Resources */,
				9957F2F929B285FB003BE49F /* Preview Assets.xcassets in Resources */,
				9957F2F629B285FB003BE49F /* Assets.xcassets in Resources */,
			);
			runOnlyForDeploymentPostprocessing = 0;
		};
		9957F30129B285FB003BE49F /* Resources */ = {
			isa = PBXResourcesBuildPhase;
			buildActionMask = 2147483647;
			files = (
			);
			runOnlyForDeploymentPostprocessing = 0;
		};
		9957F30B29B285FB003BE49F /* Resources */ = {
			isa = PBXResourcesBuildPhase;
			buildActionMask = 2147483647;
			files = (
			);
			runOnlyForDeploymentPostprocessing = 0;
		};
/* End PBXResourcesBuildPhase section */

/* Begin PBXSourcesBuildPhase section */
		9957F2EA29B285FA003BE49F /* Sources */ = {
			isa = PBXSourcesBuildPhase;
			buildActionMask = 2147483647;
			files = (
				9957F2FE29B285FB003BE49F /* Lift_n_Log.xcdatamodeld in Sources */,
				9957F32729B28E9C003BE49F /* WorkoutList.swift in Sources */,
				9957F2FB29B285FB003BE49F /* Persistence.swift in Sources */,
				9957F2F429B285FA003BE49F /* ContentView.swift in Sources */,
				9957F2F229B285FA003BE49F /* Lift_n_LogApp.swift in Sources */,
				99BB0AA229B293BD0048F1D7 /* ExcerciseList.swift in Sources */,
				99BB0AA629B293DA0048F1D7 /* WorkoutItem.swift in Sources */,
				99BB0AA029B2930C0048F1D7 /* ExerciseItem.swift in Sources */,
				99BB0A9929B2914C0048F1D7 /* ModelData.swift in Sources */,
			);
			runOnlyForDeploymentPostprocessing = 0;
		};
		9957F2FF29B285FB003BE49F /* Sources */ = {
			isa = PBXSourcesBuildPhase;
			buildActionMask = 2147483647;
			files = (
				9957F30829B285FB003BE49F /* Lift_n_LogTests.swift in Sources */,
			);
			runOnlyForDeploymentPostprocessing = 0;
		};
		9957F30929B285FB003BE49F /* Sources */ = {
			isa = PBXSourcesBuildPhase;
			buildActionMask = 2147483647;
			files = (
				9957F31229B285FB003BE49F /* Lift_n_LogUITests.swift in Sources */,
				9957F31429B285FB003BE49F /* Lift_n_LogUITestsLaunchTests.swift in Sources */,
			);
			runOnlyForDeploymentPostprocessing = 0;
		};
/* End PBXSourcesBuildPhase section */

/* Begin PBXTargetDependency section */
		9957F30529B285FB003BE49F /* PBXTargetDependency */ = {
			isa = PBXTargetDependency;
			target = 9957F2ED29B285FA003BE49F /* Lift_n_Log */;
			targetProxy = 9957F30429B285FB003BE49F /* PBXContainerItemProxy */;
		};
		9957F30F29B285FB003BE49F /* PBXTargetDependency */ = {
			isa = PBXTargetDependency;
			target = 9957F2ED29B285FA003BE49F /* Lift_n_Log */;
			targetProxy = 9957F30E29B285FB003BE49F /* PBXContainerItemProxy */;
		};
/* End PBXTargetDependency section */

/* Begin XCBuildConfiguration section */
		9957F31529B285FB003BE49F /* Debug */ = {
			isa = XCBuildConfiguration;
			buildSettings = {
				ALWAYS_SEARCH_USER_PATHS = NO;
				CLANG_ANALYZER_NONNULL = YES;
				CLANG_ANALYZER_NUMBER_OBJECT_CONVERSION = YES_AGGRESSIVE;
				CLANG_CXX_LANGUAGE_STANDARD = "gnu++20";
				CLANG_ENABLE_MODULES = YES;
				CLANG_ENABLE_OBJC_ARC = YES;
				CLANG_ENABLE_OBJC_WEAK = YES;
				CLANG_WARN_BLOCK_CAPTURE_AUTORELEASING = YES;
				CLANG_WARN_BOOL_CONVERSION = YES;
				CLANG_WARN_COMMA = YES;
				CLANG_WARN_CONSTANT_CONVERSION = YES;
				CLANG_WARN_DEPRECATED_OBJC_IMPLEMENTATIONS = YES;
				CLANG_WARN_DIRECT_OBJC_ISA_USAGE = YES_ERROR;
				CLANG_WARN_DOCUMENTATION_COMMENTS = YES;
				CLANG_WARN_EMPTY_BODY = YES;
				CLANG_WARN_ENUM_CONVERSION = YES;
				CLANG_WARN_INFINITE_RECURSION = YES;
				CLANG_WARN_INT_CONVERSION = YES;
				CLANG_WARN_NON_LITERAL_NULL_CONVERSION = YES;
				CLANG_WARN_OBJC_IMPLICIT_RETAIN_SELF = YES;
				CLANG_WARN_OBJC_LITERAL_CONVERSION = YES;
				CLANG_WARN_OBJC_ROOT_CLASS = YES_ERROR;
				CLANG_WARN_QUOTED_INCLUDE_IN_FRAMEWORK_HEADER = YES;
				CLANG_WARN_RANGE_LOOP_ANALYSIS = YES;
				CLANG_WARN_STRICT_PROTOTYPES = YES;
				CLANG_WARN_SUSPICIOUS_MOVE = YES;
				CLANG_WARN_UNGUARDED_AVAILABILITY = YES_AGGRESSIVE;
				CLANG_WARN_UNREACHABLE_CODE = YES;
				CLANG_WARN__DUPLICATE_METHOD_MATCH = YES;
				COPY_PHASE_STRIP = NO;
				DEBUG_INFORMATION_FORMAT = dwarf;
				ENABLE_STRICT_OBJC_MSGSEND = YES;
				ENABLE_TESTABILITY = YES;
				GCC_C_LANGUAGE_STANDARD = gnu11;
				GCC_DYNAMIC_NO_PIC = NO;
				GCC_NO_COMMON_BLOCKS = YES;
				GCC_OPTIMIZATION_LEVEL = 0;
				GCC_PREPROCESSOR_DEFINITIONS = (
					"DEBUG=1",
					"$(inherited)",
				);
				GCC_WARN_64_TO_32_BIT_CONVERSION = YES;
				GCC_WARN_ABOUT_RETURN_TYPE = YES_ERROR;
				GCC_WARN_UNDECLARED_SELECTOR = YES;
				GCC_WARN_UNINITIALIZED_AUTOS = YES_AGGRESSIVE;
				GCC_WARN_UNUSED_FUNCTION = YES;
				GCC_WARN_UNUSED_VARIABLE = YES;
				IPHONEOS_DEPLOYMENT_TARGET = 16.2;
				MTL_ENABLE_DEBUG_INFO = INCLUDE_SOURCE;
				MTL_FAST_MATH = YES;
				ONLY_ACTIVE_ARCH = YES;
				SDKROOT = iphoneos;
				SWIFT_ACTIVE_COMPILATION_CONDITIONS = DEBUG;
				SWIFT_OPTIMIZATION_LEVEL = "-Onone";
			};
			name = Debug;
		};
		9957F31629B285FB003BE49F /* Release */ = {
			isa = XCBuildConfiguration;
			buildSettings = {
				ALWAYS_SEARCH_USER_PATHS = NO;
				CLANG_ANALYZER_NONNULL = YES;
				CLANG_ANALYZER_NUMBER_OBJECT_CONVERSION = YES_AGGRESSIVE;
				CLANG_CXX_LANGUAGE_STANDARD = "gnu++20";
				CLANG_ENABLE_MODULES = YES;
				CLANG_ENABLE_OBJC_ARC = YES;
				CLANG_ENABLE_OBJC_WEAK = YES;
				CLANG_WARN_BLOCK_CAPTURE_AUTORELEASING = YES;
				CLANG_WARN_BOOL_CONVERSION = YES;
				CLANG_WARN_COMMA = YES;
				CLANG_WARN_CONSTANT_CONVERSION = YES;
				CLANG_WARN_DEPRECATED_OBJC_IMPLEMENTATIONS = YES;
				CLANG_WARN_DIRECT_OBJC_ISA_USAGE = YES_ERROR;
				CLANG_WARN_DOCUMENTATION_COMMENTS = YES;
				CLANG_WARN_EMPTY_BODY = YES;
				CLANG_WARN_ENUM_CONVERSION = YES;
				CLANG_WARN_INFINITE_RECURSION = YES;
				CLANG_WARN_INT_CONVERSION = YES;
				CLANG_WARN_NON_LITERAL_NULL_CONVERSION = YES;
				CLANG_WARN_OBJC_IMPLICIT_RETAIN_SELF = YES;
				CLANG_WARN_OBJC_LITERAL_CONVERSION = YES;
				CLANG_WARN_OBJC_ROOT_CLASS = YES_ERROR;
				CLANG_WARN_QUOTED_INCLUDE_IN_FRAMEWORK_HEADER = YES;
				CLANG_WARN_RANGE_LOOP_ANALYSIS = YES;
				CLANG_WARN_STRICT_PROTOTYPES = YES;
				CLANG_WARN_SUSPICIOUS_MOVE = YES;
				CLANG_WARN_UNGUARDED_AVAILABILITY = YES_AGGRESSIVE;
				CLANG_WARN_UNREACHABLE_CODE = YES;
				CLANG_WARN__DUPLICATE_METHOD_MATCH = YES;
				COPY_PHASE_STRIP = NO;
				DEBUG_INFORMATION_FORMAT = "dwarf-with-dsym";
				ENABLE_NS_ASSERTIONS = NO;
				ENABLE_STRICT_OBJC_MSGSEND = YES;
				GCC_C_LANGUAGE_STANDARD = gnu11;
				GCC_NO_COMMON_BLOCKS = YES;
				GCC_WARN_64_TO_32_BIT_CONVERSION = YES;
				GCC_WARN_ABOUT_RETURN_TYPE = YES_ERROR;
				GCC_WARN_UNDECLARED_SELECTOR = YES;
				GCC_WARN_UNINITIALIZED_AUTOS = YES_AGGRESSIVE;
				GCC_WARN_UNUSED_FUNCTION = YES;
				GCC_WARN_UNUSED_VARIABLE = YES;
				IPHONEOS_DEPLOYMENT_TARGET = 16.2;
				MTL_ENABLE_DEBUG_INFO = NO;
				MTL_FAST_MATH = YES;
				SDKROOT = iphoneos;
				SWIFT_COMPILATION_MODE = wholemodule;
				SWIFT_OPTIMIZATION_LEVEL = "-O";
				VALIDATE_PRODUCT = YES;
			};
			name = Release;
		};
		9957F31829B285FB003BE49F /* Debug */ = {
			isa = XCBuildConfiguration;
			buildSettings = {
				ASSETCATALOG_COMPILER_APPICON_NAME = AppIcon;
				ASSETCATALOG_COMPILER_GLOBAL_ACCENT_COLOR_NAME = AccentColor;
				CODE_SIGN_STYLE = Automatic;
				CURRENT_PROJECT_VERSION = 1;
				DEVELOPMENT_ASSET_PATHS = "\"Lift_n_Log/Preview Content\"";
				DEVELOPMENT_TEAM = G5LSKJJDSL;
				ENABLE_PREVIEWS = YES;
				GENERATE_INFOPLIST_FILE = YES;
				INFOPLIST_KEY_UIApplicationSceneManifest_Generation = YES;
				INFOPLIST_KEY_UIApplicationSupportsIndirectInputEvents = YES;
				INFOPLIST_KEY_UILaunchScreen_Generation = YES;
				INFOPLIST_KEY_UISupportedInterfaceOrientations_iPad = "UIInterfaceOrientationPortrait UIInterfaceOrientationPortraitUpsideDown UIInterfaceOrientationLandscapeLeft UIInterfaceOrientationLandscapeRight";
				INFOPLIST_KEY_UISupportedInterfaceOrientations_iPhone = "UIInterfaceOrientationPortrait UIInterfaceOrientationLandscapeLeft UIInterfaceOrientationLandscapeRight";
				LD_RUNPATH_SEARCH_PATHS = (
					"$(inherited)",
					"@executable_path/Frameworks",
				);
				MARKETING_VERSION = 1.0;
				PRODUCT_BUNDLE_IDENTIFIER = "com.jeschen.Lift-n-Log";
				PRODUCT_NAME = "$(TARGET_NAME)";
				SWIFT_EMIT_LOC_STRINGS = YES;
				SWIFT_VERSION = 5.0;
				TARGETED_DEVICE_FAMILY = "1,2";
			};
			name = Debug;
		};
		9957F31929B285FB003BE49F /* Release */ = {
			isa = XCBuildConfiguration;
			buildSettings = {
				ASSETCATALOG_COMPILER_APPICON_NAME = AppIcon;
				ASSETCATALOG_COMPILER_GLOBAL_ACCENT_COLOR_NAME = AccentColor;
				CODE_SIGN_STYLE = Automatic;
				CURRENT_PROJECT_VERSION = 1;
				DEVELOPMENT_ASSET_PATHS = "\"Lift_n_Log/Preview Content\"";
				DEVELOPMENT_TEAM = G5LSKJJDSL;
				ENABLE_PREVIEWS = YES;
				GENERATE_INFOPLIST_FILE = YES;
				INFOPLIST_KEY_UIApplicationSceneManifest_Generation = YES;
				INFOPLIST_KEY_UIApplicationSupportsIndirectInputEvents = YES;
				INFOPLIST_KEY_UILaunchScreen_Generation = YES;
				INFOPLIST_KEY_UISupportedInterfaceOrientations_iPad = "UIInterfaceOrientationPortrait UIInterfaceOrientationPortraitUpsideDown UIInterfaceOrientationLandscapeLeft UIInterfaceOrientationLandscapeRight";
				INFOPLIST_KEY_UISupportedInterfaceOrientations_iPhone = "UIInterfaceOrientationPortrait UIInterfaceOrientationLandscapeLeft UIInterfaceOrientationLandscapeRight";
				LD_RUNPATH_SEARCH_PATHS = (
					"$(inherited)",
					"@executable_path/Frameworks",
				);
				MARKETING_VERSION = 1.0;
				PRODUCT_BUNDLE_IDENTIFIER = "com.jeschen.Lift-n-Log";
				PRODUCT_NAME = "$(TARGET_NAME)";
				SWIFT_EMIT_LOC_STRINGS = YES;
				SWIFT_VERSION = 5.0;
				TARGETED_DEVICE_FAMILY = "1,2";
			};
			name = Release;
		};
		9957F31B29B285FB003BE49F /* Debug */ = {
			isa = XCBuildConfiguration;
			buildSettings = {
				ALWAYS_EMBED_SWIFT_STANDARD_LIBRARIES = YES;
				BUNDLE_LOADER = "$(TEST_HOST)";
				CODE_SIGN_STYLE = Automatic;
				CURRENT_PROJECT_VERSION = 1;
				DEVELOPMENT_TEAM = G5LSKJJDSL;
				GENERATE_INFOPLIST_FILE = YES;
				IPHONEOS_DEPLOYMENT_TARGET = 16.2;
				MARKETING_VERSION = 1.0;
				PRODUCT_BUNDLE_IDENTIFIER = "com.jeschen.Lift-n-LogTests";
				PRODUCT_NAME = "$(TARGET_NAME)";
				SWIFT_EMIT_LOC_STRINGS = NO;
				SWIFT_VERSION = 5.0;
				TARGETED_DEVICE_FAMILY = "1,2";
				TEST_HOST = "$(BUILT_PRODUCTS_DIR)/Lift_n_Log.app/$(BUNDLE_EXECUTABLE_FOLDER_PATH)/Lift_n_Log";
			};
			name = Debug;
		};
		9957F31C29B285FB003BE49F /* Release */ = {
			isa = XCBuildConfiguration;
			buildSettings = {
				ALWAYS_EMBED_SWIFT_STANDARD_LIBRARIES = YES;
				BUNDLE_LOADER = "$(TEST_HOST)";
				CODE_SIGN_STYLE = Automatic;
				CURRENT_PROJECT_VERSION = 1;
				DEVELOPMENT_TEAM = G5LSKJJDSL;
				GENERATE_INFOPLIST_FILE = YES;
				IPHONEOS_DEPLOYMENT_TARGET = 16.2;
				MARKETING_VERSION = 1.0;
				PRODUCT_BUNDLE_IDENTIFIER = "com.jeschen.Lift-n-LogTests";
				PRODUCT_NAME = "$(TARGET_NAME)";
				SWIFT_EMIT_LOC_STRINGS = NO;
				SWIFT_VERSION = 5.0;
				TARGETED_DEVICE_FAMILY = "1,2";
				TEST_HOST = "$(BUILT_PRODUCTS_DIR)/Lift_n_Log.app/$(BUNDLE_EXECUTABLE_FOLDER_PATH)/Lift_n_Log";
			};
			name = Release;
		};
		9957F31E29B285FB003BE49F /* Debug */ = {
			isa = XCBuildConfiguration;
			buildSettings = {
				ALWAYS_EMBED_SWIFT_STANDARD_LIBRARIES = YES;
				CODE_SIGN_STYLE = Automatic;
				CURRENT_PROJECT_VERSION = 1;
				DEVELOPMENT_TEAM = G5LSKJJDSL;
				GENERATE_INFOPLIST_FILE = YES;
				MARKETING_VERSION = 1.0;
				PRODUCT_BUNDLE_IDENTIFIER = "com.jeschen.Lift-n-LogUITests";
				PRODUCT_NAME = "$(TARGET_NAME)";
				SWIFT_EMIT_LOC_STRINGS = NO;
				SWIFT_VERSION = 5.0;
				TARGETED_DEVICE_FAMILY = "1,2";
				TEST_TARGET_NAME = Lift_n_Log;
			};
			name = Debug;
		};
		9957F31F29B285FB003BE49F /* Release */ = {
			isa = XCBuildConfiguration;
			buildSettings = {
				ALWAYS_EMBED_SWIFT_STANDARD_LIBRARIES = YES;
				CODE_SIGN_STYLE = Automatic;
				CURRENT_PROJECT_VERSION = 1;
				DEVELOPMENT_TEAM = G5LSKJJDSL;
				GENERATE_INFOPLIST_FILE = YES;
				MARKETING_VERSION = 1.0;
				PRODUCT_BUNDLE_IDENTIFIER = "com.jeschen.Lift-n-LogUITests";
				PRODUCT_NAME = "$(TARGET_NAME)";
				SWIFT_EMIT_LOC_STRINGS = NO;
				SWIFT_VERSION = 5.0;
				TARGETED_DEVICE_FAMILY = "1,2";
				TEST_TARGET_NAME = Lift_n_Log;
			};
			name = Release;
		};
/* End XCBuildConfiguration section */

/* Begin XCConfigurationList section */
		9957F2E929B285FA003BE49F /* Build configuration list for PBXProject "Lift_n_Log" */ = {
			isa = XCConfigurationList;
			buildConfigurations = (
				9957F31529B285FB003BE49F /* Debug */,
				9957F31629B285FB003BE49F /* Release */,
			);
			defaultConfigurationIsVisible = 0;
			defaultConfigurationName = Release;
		};
		9957F31729B285FB003BE49F /* Build configuration list for PBXNativeTarget "Lift_n_Log" */ = {
			isa = XCConfigurationList;
			buildConfigurations = (
				9957F31829B285FB003BE49F /* Debug */,
				9957F31929B285FB003BE49F /* Release */,
			);
			defaultConfigurationIsVisible = 0;
			defaultConfigurationName = Release;
		};
		9957F31A29B285FB003BE49F /* Build configuration list for PBXNativeTarget "Lift_n_LogTests" */ = {
			isa = XCConfigurationList;
			buildConfigurations = (
				9957F31B29B285FB003BE49F /* Debug */,
				9957F31C29B285FB003BE49F /* Release */,
			);
			defaultConfigurationIsVisible = 0;
			defaultConfigurationName = Release;
		};
		9957F31D29B285FB003BE49F /* Build configuration list for PBXNativeTarget "Lift_n_LogUITests" */ = {
			isa = XCConfigurationList;
			buildConfigurations = (
				9957F31E29B285FB003BE49F /* Debug */,
				9957F31F29B285FB003BE49F /* Release */,
			);
			defaultConfigurationIsVisible = 0;
			defaultConfigurationName = Release;
		};
/* End XCConfigurationList section */

/* Begin XCVersionGroup section */
		9957F2FC29B285FB003BE49F /* Lift_n_Log.xcdatamodeld */ = {
			isa = XCVersionGroup;
			children = (
				9957F2FD29B285FB003BE49F /* Lift_n_Log.xcdatamodel */,
			);
			currentVersion = 9957F2FD29B285FB003BE49F /* Lift_n_Log.xcdatamodel */;
			path = Lift_n_Log.xcdatamodeld;
			sourceTree = "<group>";
			versionGroupType = wrapper.xcdatamodel;
		};
/* End XCVersionGroup section */
	};
	rootObject = 9957F2E629B285FA003BE49F /* Project object */;
}
